
Microsoft Visual Studio Solution File, Format Version 12.00
# Visual Studio Version 17
VisualStudioVersion = 17.0.32014.148
MinimumVisualStudioVersion = 10.0.40219.1
Project("{FAE04EC0-301F-11D3-BF4B-00C04F79EFBC}") = "Mauxnimale_CE2", "Mauxnimale_CE2\Mauxnimale_CE2.csproj", "{82BCC6B6-68EB-4EDE-8319-8ED22E4C980A}"
EndProject
Project("{FAE04EC0-301F-11D3-BF4B-00C04F79EFBC}") = "Mauxnimale_tests_CE2", "Mauxnimale_tests_CE2\Mauxnimale_tests_CE2.csproj", "{358C49F3-0E89-4ECE-A187-D121DECF0451}"
EndProject
Global
	GlobalSection(SolutionConfigurationPlatforms) = preSolution
		Debug|Any CPU = Debug|Any CPU
		Release|Any CPU = Release|Any CPU
	EndGlobalSection
	GlobalSection(ProjectConfigurationPlatforms) = postSolution
		{82BCC6B6-68EB-4EDE-8319-8ED22E4C980A}.Debug|Any CPU.ActiveCfg = Debug|Any CPU
		{82BCC6B6-68EB-4EDE-8319-8ED22E4C980A}.Debug|Any CPU.Build.0 = Debug|Any CPU
		{82BCC6B6-68EB-4EDE-8319-8ED22E4C980A}.Release|Any CPU.ActiveCfg = Release|Any CPU
		{82BCC6B6-68EB-4EDE-8319-8ED22E4C980A}.Release|Any CPU.Build.0 = Release|Any CPU
		{358C49F3-0E89-4ECE-A187-D121DECF0451}.Debug|Any CPU.ActiveCfg = Debug|Any CPU
		{358C49F3-0E89-4ECE-A187-D121DECF0451}.Debug|Any CPU.Build.0 = Debug|Any CPU
		{358C49F3-0E89-4ECE-A187-D121DECF0451}.Release|Any CPU.ActiveCfg = Release|Any CPU
		{358C49F3-0E89-4ECE-A187-D121DECF0451}.Release|Any CPU.Build.0 = Release|Any CPU
	EndGlobalSection
	GlobalSection(SolutionProperties) = preSolution
		HideSolutionNode = FALSE
	EndGlobalSection
	GlobalSection(ExtensibilityGlobals) = postSolution
		SolutionGuid = {D52B315E-E6A8-4934-AB04-0F6DBBBAF036}
	EndGlobalSection
EndGlobal
